
Microsoft Visual Studio Solution File, Format Version 12.00
# Visual Studio Version 17
VisualStudioVersion = 17.13.35825.156 d17.13
MinimumVisualStudioVersion = 10.0.40219.1
Project("{FAE04EC0-301F-11D3-BF4B-00C04F79EFBC}") = "ODEV-5", "ODEV-5\ODEV-5.csproj", "{ABEC8622-0437-4810-A7EB-BE6455219770}"
EndProject
Global
	GlobalSection(SolutionConfigurationPlatforms) = preSolution
		Debug|Any CPU = Debug|Any CPU
		Release|Any CPU = Release|Any CPU
	EndGlobalSection
	GlobalSection(ProjectConfigurationPlatforms) = postSolution
		{ABEC8622-0437-4810-A7EB-BE6455219770}.Debug|Any CPU.ActiveCfg = Debug|Any CPU
		{ABEC8622-0437-4810-A7EB-BE6455219770}.Debug|Any CPU.Build.0 = Debug|Any CPU
		{ABEC8622-0437-4810-A7EB-BE6455219770}.Release|Any CPU.ActiveCfg = Release|Any CPU
		{ABEC8622-0437-4810-A7EB-BE6455219770}.Release|Any CPU.Build.0 = Release|Any CPU
	EndGlobalSection
	GlobalSection(SolutionProperties) = preSolution
		HideSolutionNode = FALSE
	EndGlobalSection
	GlobalSection(ExtensibilityGlobals) = postSolution
		SolutionGuid = {5AE13040-0973-4C89-8497-F3F5DA73F8E3}
	EndGlobalSection
EndGlobal
