
Microsoft Visual Studio Solution File, Format Version 12.00
# Visual Studio Version 17
VisualStudioVersion = 17.13.35825.156 d17.13
MinimumVisualStudioVersion = 10.0.40219.1
Project("{FAE04EC0-301F-11D3-BF4B-00C04F79EFBC}") = "odev-4", "odev-4\odev-4.csproj", "{507EFA1B-203B-407C-8714-9E3709F2BE3A}"
EndProject
Global
	GlobalSection(SolutionConfigurationPlatforms) = preSolution
		Debug|Any CPU = Debug|Any CPU
		Release|Any CPU = Release|Any CPU
	EndGlobalSection
	GlobalSection(ProjectConfigurationPlatforms) = postSolution
		{507EFA1B-203B-407C-8714-9E3709F2BE3A}.Debug|Any CPU.ActiveCfg = Debug|Any CPU
		{507EFA1B-203B-407C-8714-9E3709F2BE3A}.Debug|Any CPU.Build.0 = Debug|Any CPU
		{507EFA1B-203B-407C-8714-9E3709F2BE3A}.Release|Any CPU.ActiveCfg = Release|Any CPU
		{507EFA1B-203B-407C-8714-9E3709F2BE3A}.Release|Any CPU.Build.0 = Release|Any CPU
	EndGlobalSection
	GlobalSection(SolutionProperties) = preSolution
		HideSolutionNode = FALSE
	EndGlobalSection
	GlobalSection(ExtensibilityGlobals) = postSolution
		SolutionGuid = {E5AE593D-8066-4572-BB93-D8C74E08153D}
	EndGlobalSection
EndGlobal
